
Microsoft Visual Studio Solution File, Format Version 12.00
# Visual Studio Version 16
VisualStudioVersion = 16.0.31005.135
MinimumVisualStudioVersion = 10.0.40219.1
Project("{9A19103F-16F7-4668-BE54-9A1E7A4F7556}") = "ValueAndReferenceTypes", "ValueAndReferenceTypes\ValueAndReferenceTypes.csproj", "{3CCE2123-9B43-4A82-A7E6-2089C48B9A31}"
EndProject
Project("{9A19103F-16F7-4668-BE54-9A1E7A4F7556}") = "ClassMethodDemo", "ClassMethodDemo\ClassMethodDemo.csproj", "{E24193DC-DC15-4C11-B25C-565069CC10A6}"
EndProject
Project("{FAE04EC0-301F-11D3-BF4B-00C04F79EFBC}") = "Dictionary", "Dictionary\Dictionary.csproj", "{E1C43351-19DF-446A-8834-7A7230AEF4C7}"
EndProject
Global
	GlobalSection(SolutionConfigurationPlatforms) = preSolution
		Debug|Any CPU = Debug|Any CPU
		Release|Any CPU = Release|Any CPU
	EndGlobalSection
	GlobalSection(ProjectConfigurationPlatforms) = postSolution
		{3CCE2123-9B43-4A82-A7E6-2089C48B9A31}.Debug|Any CPU.ActiveCfg = Debug|Any CPU
		{3CCE2123-9B43-4A82-A7E6-2089C48B9A31}.Debug|Any CPU.Build.0 = Debug|Any CPU
		{3CCE2123-9B43-4A82-A7E6-2089C48B9A31}.Release|Any CPU.ActiveCfg = Release|Any CPU
		{3CCE2123-9B43-4A82-A7E6-2089C48B9A31}.Release|Any CPU.Build.0 = Release|Any CPU
		{E24193DC-DC15-4C11-B25C-565069CC10A6}.Debug|Any CPU.ActiveCfg = Debug|Any CPU
		{E24193DC-DC15-4C11-B25C-565069CC10A6}.Debug|Any CPU.Build.0 = Debug|Any CPU
		{E24193DC-DC15-4C11-B25C-565069CC10A6}.Release|Any CPU.ActiveCfg = Release|Any CPU
		{E24193DC-DC15-4C11-B25C-565069CC10A6}.Release|Any CPU.Build.0 = Release|Any CPU
		{E1C43351-19DF-446A-8834-7A7230AEF4C7}.Debug|Any CPU.ActiveCfg = Debug|Any CPU
		{E1C43351-19DF-446A-8834-7A7230AEF4C7}.Debug|Any CPU.Build.0 = Debug|Any CPU
		{E1C43351-19DF-446A-8834-7A7230AEF4C7}.Release|Any CPU.ActiveCfg = Release|Any CPU
		{E1C43351-19DF-446A-8834-7A7230AEF4C7}.Release|Any CPU.Build.0 = Release|Any CPU
	EndGlobalSection
	GlobalSection(SolutionProperties) = preSolution
		HideSolutionNode = FALSE
	EndGlobalSection
	GlobalSection(ExtensibilityGlobals) = postSolution
		SolutionGuid = {D62A1C4B-1635-4643-A928-03AEB5EE7A2C}
	EndGlobalSection
EndGlobal
